
Microsoft Visual Studio Solution File, Format Version 12.00
# Visual Studio 15
VisualStudioVersion = 15.0.28307.779
MinimumVisualStudioVersion = 10.0.40219.1
Project("{FAE04EC0-301F-11D3-BF4B-00C04F79EFBC}") = "CalculationDLL", "CalculationDLL\CalculationDLL.csproj", "{6551EFA8-7DF9-41FE-B945-94248F640758}"
EndProject
Project("{FAE04EC0-301F-11D3-BF4B-00C04F79EFBC}") = "MainProgram", "MainProgram\MainProgram.csproj", "{D8465DA7-41A9-4A2C-8D4D-A80C7BCAA01D}"
EndProject
Project("{FAE04EC0-301F-11D3-BF4B-00C04F79EFBC}") = "TestCalcu", "TestCalcu\TestCalcu.csproj", "{603D38B8-B5CA-495D-A80F-4BF88EB9353B}"
EndProject
Global
	GlobalSection(SolutionConfigurationPlatforms) = preSolution
		Debug|Any CPU = Debug|Any CPU
		Release|Any CPU = Release|Any CPU
	EndGlobalSection
	GlobalSection(ProjectConfigurationPlatforms) = postSolution
		{6551EFA8-7DF9-41FE-B945-94248F640758}.Debug|Any CPU.ActiveCfg = Debug|Any CPU
		{6551EFA8-7DF9-41FE-B945-94248F640758}.Debug|Any CPU.Build.0 = Debug|Any CPU
		{6551EFA8-7DF9-41FE-B945-94248F640758}.Release|Any CPU.ActiveCfg = Release|Any CPU
		{6551EFA8-7DF9-41FE-B945-94248F640758}.Release|Any CPU.Build.0 = Release|Any CPU
		{D8465DA7-41A9-4A2C-8D4D-A80C7BCAA01D}.Debug|Any CPU.ActiveCfg = Debug|Any CPU
		{D8465DA7-41A9-4A2C-8D4D-A80C7BCAA01D}.Debug|Any CPU.Build.0 = Debug|Any CPU
		{D8465DA7-41A9-4A2C-8D4D-A80C7BCAA01D}.Release|Any CPU.ActiveCfg = Release|Any CPU
		{D8465DA7-41A9-4A2C-8D4D-A80C7BCAA01D}.Release|Any CPU.Build.0 = Release|Any CPU
		{603D38B8-B5CA-495D-A80F-4BF88EB9353B}.Debug|Any CPU.ActiveCfg = Debug|Any CPU
		{603D38B8-B5CA-495D-A80F-4BF88EB9353B}.Debug|Any CPU.Build.0 = Debug|Any CPU
		{603D38B8-B5CA-495D-A80F-4BF88EB9353B}.Release|Any CPU.ActiveCfg = Release|Any CPU
		{603D38B8-B5CA-495D-A80F-4BF88EB9353B}.Release|Any CPU.Build.0 = Release|Any CPU
	EndGlobalSection
	GlobalSection(SolutionProperties) = preSolution
		HideSolutionNode = FALSE
	EndGlobalSection
	GlobalSection(ExtensibilityGlobals) = postSolution
		SolutionGuid = {BBEDFE3F-A9DC-4628-B04E-450D474EB404}
	EndGlobalSection
EndGlobal
